
Microsoft Visual Studio Solution File, Format Version 12.00
# Visual Studio Version 17
VisualStudioVersion = 17.10.34916.146
MinimumVisualStudioVersion = 10.0.40219.1
Project("{54435603-DBB4-11D2-8724-00A0C9A8B90C}") = "MDK INSTALLATOR", "MDK INSTALLATOR\MDK INSTALLATOR.vdproj", "{FEADB208-66C0-4971-8B68-5ECACF7B5C60}"
EndProject
Global
	GlobalSection(SolutionConfigurationPlatforms) = preSolution
		Debug|Default = Debug|Default
		Release|Default = Release|Default
	EndGlobalSection
	GlobalSection(ProjectConfigurationPlatforms) = postSolution
		{FEADB208-66C0-4971-8B68-5ECACF7B5C60}.Debug|Default.ActiveCfg = Release
		{FEADB208-66C0-4971-8B68-5ECACF7B5C60}.Debug|Default.Build.0 = Release
		{FEADB208-66C0-4971-8B68-5ECACF7B5C60}.Release|Default.ActiveCfg = Release
		{FEADB208-66C0-4971-8B68-5ECACF7B5C60}.Release|Default.Build.0 = Release
	EndGlobalSection
	GlobalSection(SolutionProperties) = preSolution
		HideSolutionNode = FALSE
	EndGlobalSection
	GlobalSection(ExtensibilityGlobals) = postSolution
		SolutionGuid = {3B0A4A18-E580-4232-AF62-90FEEF6297E2}
	EndGlobalSection
EndGlobal
